
Microsoft Visual Studio Solution File, Format Version 12.00
# Visual Studio 14
VisualStudioVersion = 14.0.25420.1
MinimumVisualStudioVersion = 10.0.40219.1
Project("{FAE04EC0-301F-11D3-BF4B-00C04F79EFBC}") = "innovation4austria.web", "innovation4austria.web\innovation4austria.web.csproj", "{20907C82-BB96-436F-BA00-CB3141ADE3AE}"
EndProject
Project("{FAE04EC0-301F-11D3-BF4B-00C04F79EFBC}") = "innovation4austria.data", "innovation4austria.data\innovation4austria.data.csproj", "{5A8BCE74-F153-454E-9B5A-D028C9921B95}"
EndProject
Project("{FAE04EC0-301F-11D3-BF4B-00C04F79EFBC}") = "innovation4austria.authentication", "innovation4austria.authentication\innovation4austria.authentication.csproj", "{886BE15F-A3C4-420B-A4AA-FE50D316036A}"
EndProject
Project("{FAE04EC0-301F-11D3-BF4B-00C04F79EFBC}") = "innovation4austria.logic", "innovation4austria.logic\innovation4austria.logic.csproj", "{65E40B86-B0A9-495B-AD1D-0C6C31564169}"
EndProject
Project("{FAE04EC0-301F-11D3-BF4B-00C04F79EFBC}") = "innovation4austria.test", "innovation4austria.test\innovation4austria.test.csproj", "{D23D184A-33E7-4FD5-9999-A21580C5A2AE}"
EndProject
Global
	GlobalSection(SolutionConfigurationPlatforms) = preSolution
		Debug|Any CPU = Debug|Any CPU
		Release|Any CPU = Release|Any CPU
	EndGlobalSection
	GlobalSection(ProjectConfigurationPlatforms) = postSolution
		{20907C82-BB96-436F-BA00-CB3141ADE3AE}.Debug|Any CPU.ActiveCfg = Debug|Any CPU
		{20907C82-BB96-436F-BA00-CB3141ADE3AE}.Debug|Any CPU.Build.0 = Debug|Any CPU
		{20907C82-BB96-436F-BA00-CB3141ADE3AE}.Release|Any CPU.ActiveCfg = Release|Any CPU
		{20907C82-BB96-436F-BA00-CB3141ADE3AE}.Release|Any CPU.Build.0 = Release|Any CPU
		{5A8BCE74-F153-454E-9B5A-D028C9921B95}.Debug|Any CPU.ActiveCfg = Debug|Any CPU
		{5A8BCE74-F153-454E-9B5A-D028C9921B95}.Debug|Any CPU.Build.0 = Debug|Any CPU
		{5A8BCE74-F153-454E-9B5A-D028C9921B95}.Release|Any CPU.ActiveCfg = Release|Any CPU
		{5A8BCE74-F153-454E-9B5A-D028C9921B95}.Release|Any CPU.Build.0 = Release|Any CPU
		{886BE15F-A3C4-420B-A4AA-FE50D316036A}.Debug|Any CPU.ActiveCfg = Debug|Any CPU
		{886BE15F-A3C4-420B-A4AA-FE50D316036A}.Debug|Any CPU.Build.0 = Debug|Any CPU
		{886BE15F-A3C4-420B-A4AA-FE50D316036A}.Release|Any CPU.ActiveCfg = Release|Any CPU
		{886BE15F-A3C4-420B-A4AA-FE50D316036A}.Release|Any CPU.Build.0 = Release|Any CPU
		{65E40B86-B0A9-495B-AD1D-0C6C31564169}.Debug|Any CPU.ActiveCfg = Debug|Any CPU
		{65E40B86-B0A9-495B-AD1D-0C6C31564169}.Debug|Any CPU.Build.0 = Debug|Any CPU
		{65E40B86-B0A9-495B-AD1D-0C6C31564169}.Release|Any CPU.ActiveCfg = Release|Any CPU
		{65E40B86-B0A9-495B-AD1D-0C6C31564169}.Release|Any CPU.Build.0 = Release|Any CPU
		{D23D184A-33E7-4FD5-9999-A21580C5A2AE}.Debug|Any CPU.ActiveCfg = Debug|Any CPU
		{D23D184A-33E7-4FD5-9999-A21580C5A2AE}.Debug|Any CPU.Build.0 = Debug|Any CPU
		{D23D184A-33E7-4FD5-9999-A21580C5A2AE}.Release|Any CPU.ActiveCfg = Release|Any CPU
		{D23D184A-33E7-4FD5-9999-A21580C5A2AE}.Release|Any CPU.Build.0 = Release|Any CPU
	EndGlobalSection
	GlobalSection(SolutionProperties) = preSolution
		HideSolutionNode = FALSE
	EndGlobalSection
EndGlobal
